<?xml version="1.0" encoding="utf-8"?>
<Project ToolsVersion="4.0" xmlns="http://schemas.microsoft.com/developer/msbuild/2003">
  <ItemGroup>
    <Filter Include="99. Headers">
      <UniqueIdentifier>{aa2018b1-d353-4cf5-8acd-08e2a67dd6be}</UniqueIdentifier>
    </Filter>
    <Filter Include="98. Utils">
      <UniqueIdentifier>{861c456f-060b-45fd-a1c8-ee2f466bf87a}</UniqueIdentifier>
    </Filter>
    <Filter Include="01. Common">
      <UniqueIdentifier>{37de27df-36d8-409f-ae96-16b637d22eb8}</UniqueIdentifier>
    </Filter>
    <Filter Include="00. Game">
      <UniqueIdentifier>{ccf6f6d0-ae4a-40da-afd4-133585a5e30f}</UniqueIdentifier>
    </Filter>
    <Filter Include="00. Game\Demo">
      <UniqueIdentifier>{2d092f49-39b6-4c0c-91c1-e3f48ba5870e}</UniqueIdentifier>
    </Filter>
    <Filter Include="00. Game\Shaders">
      <UniqueIdentifier>{dc048861-8094-4d81-8e1d-09cf349249c3}</UniqueIdentifier>
    </Filter>
    <Filter Include="97. Model">
      <UniqueIdentifier>{b17c13cc-9cf4-4e46-b42c-e6ceef0ddb80}</UniqueIdentifier>
    </Filter>
  </ItemGroup>
  <ItemGroup>
    <ClCompile Include="pch.cpp">
      <Filter>99. Headers</Filter>
    </ClCompile>
    <ClCompile Include="SimpleMath.cpp">
      <Filter>99. Headers</Filter>
    </ClCompile>
    <ClCompile Include="App.cpp">
      <Filter>01. Common</Filter>
    </ClCompile>
    <ClCompile Include="Main.cpp">
      <Filter>00. Game</Filter>
    </ClCompile>
    <ClCompile Include="01. InitDemo.cpp">
      <Filter>00. Game\Demo</Filter>
    </ClCompile>
    <ClCompile Include="02. BoxDemo.cpp">
      <Filter>00. Game\Demo</Filter>
    </ClCompile>
    <ClCompile Include="MathHelper.cpp">
      <Filter>01. Common</Filter>
    </ClCompile>
    <ClCompile Include="03. HillsDemo.cpp">
      <Filter>00. Game\Demo</Filter>
    </ClCompile>
    <ClCompile Include="GeometryGenerator.cpp">
      <Filter>01. Common</Filter>
    </ClCompile>
    <ClCompile Include="04. ShapesDemo.cpp">
      <Filter>00. Game\Demo</Filter>
    </ClCompile>
    <ClCompile Include="05. SkullDemo.cpp">
      <Filter>00. Game\Demo</Filter>
    </ClCompile>
    <ClCompile Include="06. WavesDemo.cpp">
      <Filter>00. Game\Demo</Filter>
    </ClCompile>
    <ClCompile Include="07. LightingDemo.cpp">
      <Filter>00. Game\Demo</Filter>
    </ClCompile>
    <ClCompile Include="LightHelper.cpp">
      <Filter>01. Common</Filter>
    </ClCompile>
    <ClCompile Include="Waves.cpp">
      <Filter>01. Common</Filter>
    </ClCompile>
    <ClCompile Include="GameTimer.cpp">
      <Filter>01. Common</Filter>
    </ClCompile>
    <ClCompile Include="08. CrateDemo.cpp">
      <Filter>00. Game\Demo</Filter>
    </ClCompile>
    <ClCompile Include="Effects.cpp">
      <Filter>98. Utils</Filter>
    </ClCompile>
    <ClCompile Include="Vertex.cpp">
      <Filter>98. Utils</Filter>
    </ClCompile>
    <ClCompile Include="09. TexturedHillsAndWavesDemo.cpp">
      <Filter>00. Game\Demo</Filter>
    </ClCompile>
    <ClCompile Include="10. BlendDemo.cpp">
      <Filter>00. Game\Demo</Filter>
    </ClCompile>
    <ClCompile Include="11. MirrorDemo.cpp">
      <Filter>00. Game\Demo</Filter>
    </ClCompile>
    <ClCompile Include="12. TreeBillboardDemo.cpp">
      <Filter>00. Game\Demo</Filter>
    </ClCompile>
    <ClCompile Include="Utils.cpp">
      <Filter>98. Utils</Filter>
    </ClCompile>
    <ClCompile Include="RenderStates.cpp">
      <Filter>98. Utils</Filter>
    </ClCompile>
    <ClCompile Include="13. VecAddDemo.cpp">
      <Filter>00. Game\Demo</Filter>
    </ClCompile>
    <ClCompile Include="14. BlurDemo.cpp">
      <Filter>00. Game\Demo</Filter>
    </ClCompile>
    <ClCompile Include="BlurFilter.cpp">
      <Filter>98. Utils</Filter>
    </ClCompile>
    <ClCompile Include="15. BasicTessellation.cpp">
      <Filter>00. Game\Demo</Filter>
    </ClCompile>
    <ClCompile Include="16. BasicTriangleTessellation.cpp">
      <Filter>00. Game\Demo</Filter>
    </ClCompile>
    <ClCompile Include="17. BezierTessellation.cpp">
      <Filter>00. Game\Demo</Filter>
    </ClCompile>
    <ClCompile Include="18. CameraDemo.cpp">
      <Filter>00. Game\Demo</Filter>
    </ClCompile>
    <ClCompile Include="19. InstancingAndCullingDemo.cpp">
      <Filter>00. Game\Demo</Filter>
    </ClCompile>
    <ClCompile Include="Camera.cpp">
      <Filter>01. Common</Filter>
    </ClCompile>
    <ClCompile Include="20. PickingDemo.cpp">
      <Filter>00. Game\Demo</Filter>
    </ClCompile>
    <ClCompile Include="21. CubeMapDemo.cpp">
      <Filter>00. Game\Demo</Filter>
    </ClCompile>
    <ClCompile Include="22. DynamicCubeMapDemo.cpp">
      <Filter>00. Game\Demo</Filter>
    </ClCompile>
    <ClCompile Include="23. NormalDisplacementMapDemo.cpp">
      <Filter>00. Game\Demo</Filter>
    </ClCompile>
    <ClCompile Include="24. TerrainDemo.cpp">
      <Filter>00. Game\Demo</Filter>
    </ClCompile>
    <ClCompile Include="Terrain.cpp">
      <Filter>01. Common</Filter>
    </ClCompile>
    <ClCompile Include="Sky.cpp">
      <Filter>01. Common</Filter>
    </ClCompile>
    <ClCompile Include="25. ParticlesDemo.cpp">
      <Filter>00. Game\Demo</Filter>
    </ClCompile>
    <ClCompile Include="ParticleSystem.cpp">
      <Filter>01. Common</Filter>
    </ClCompile>
    <ClCompile Include="26. ShadowsDemo.cpp">
      <Filter>00. Game\Demo</Filter>
    </ClCompile>
    <ClCompile Include="ShadowMap.cpp">
      <Filter>01. Common</Filter>
    </ClCompile>
    <ClCompile Include="27. AmbientOcclusionDemo.cpp">
      <Filter>00. Game\Demo</Filter>
    </ClCompile>
    <ClCompile Include="Octree.cpp">
      <Filter>01. Common</Filter>
    </ClCompile>
    <ClCompile Include="28. SsaoDemo.cpp">
      <Filter>00. Game\Demo</Filter>
    </ClCompile>
    <ClCompile Include="Ssao.cpp">
      <Filter>01. Common</Filter>
    </ClCompile>
    <ClCompile Include="29. MeshViewDemo.cpp">
      <Filter>00. Game\Demo</Filter>
    </ClCompile>
    <ClCompile Include="BasicModel.cpp">
      <Filter>97. Model</Filter>
    </ClCompile>
    <ClCompile Include="LoadM3d.cpp">
      <Filter>97. Model</Filter>
    </ClCompile>
    <ClCompile Include="MeshGeometry.cpp">
      <Filter>97. Model</Filter>
    </ClCompile>
    <ClCompile Include="TextureMgr.cpp">
      <Filter>97. Model</Filter>
    </ClCompile>
    <ClCompile Include="30. QuatDemo.cpp">
      <Filter>00. Game\Demo</Filter>
    </ClCompile>
    <ClCompile Include="AnimationHelper.cpp">
      <Filter>98. Utils</Filter>
    </ClCompile>
    <ClCompile Include="31. SkinnedMeshDemo.cpp">
      <Filter>00. Game\Demo</Filter>
    </ClCompile>
    <ClCompile Include="SkinnedModel.cpp">
      <Filter>97. Model</Filter>
    </ClCompile>
    <ClCompile Include="SkinnedData.cpp">
      <Filter>97. Model</Filter>
    </ClCompile>
  </ItemGroup>
  <ItemGroup>
    <ClInclude Include="pch.h">
      <Filter>99. Headers</Filter>
    </ClInclude>
    <ClInclude Include="SimpleMath.h">
      <Filter>99. Headers</Filter>
    </ClInclude>
    <ClInclude Include="Types.h">
      <Filter>99. Headers</Filter>
    </ClInclude>
    <ClInclude Include="App.h">
      <Filter>01. Common</Filter>
    </ClInclude>
    <ClInclude Include="01. InitDemo.h">
      <Filter>00. Game\Demo</Filter>
    </ClInclude>
    <ClInclude Include="02. BoxDemo.h">
      <Filter>00. Game\Demo</Filter>
    </ClInclude>
    <ClInclude Include="MathHelper.h">
      <Filter>01. Common</Filter>
    </ClInclude>
    <ClInclude Include="03. HillsDemo.h">
      <Filter>00. Game\Demo</Filter>
    </ClInclude>
    <ClInclude Include="GeometryGenerator.h">
      <Filter>01. Common</Filter>
    </ClInclude>
    <ClInclude Include="04. ShapesDemo.h">
      <Filter>00. Game\Demo</Filter>
    </ClInclude>
    <ClInclude Include="05. SkullDemo.h">
      <Filter>00. Game\Demo</Filter>
    </ClInclude>
    <ClInclude Include="06. WavesDemo.h">
      <Filter>00. Game\Demo</Filter>
    </ClInclude>
    <ClInclude Include="07. LightingDemo.h">
      <Filter>00. Game\Demo</Filter>
    </ClInclude>
    <ClInclude Include="LightHelper.h">
      <Filter>01. Common</Filter>
    </ClInclude>
    <ClInclude Include="Waves.h">
      <Filter>01. Common</Filter>
    </ClInclude>
    <ClInclude Include="GameTimer.h">
      <Filter>01. Common</Filter>
    </ClInclude>
    <ClInclude Include="08. CrateDemo.h">
      <Filter>00. Game\Demo</Filter>
    </ClInclude>
    <ClInclude Include="Effects.h">
      <Filter>98. Utils</Filter>
    </ClInclude>
    <ClInclude Include="Vertex.h">
      <Filter>98. Utils</Filter>
    </ClInclude>
    <ClInclude Include="09. TexturedHillsAndWavesDemo.h">
      <Filter>00. Game\Demo</Filter>
    </ClInclude>
    <ClInclude Include="10. BlendDemo.h">
      <Filter>00. Game\Demo</Filter>
    </ClInclude>
    <ClInclude Include="11. MirrorDemo.h">
      <Filter>00. Game\Demo</Filter>
    </ClInclude>
    <ClInclude Include="12. TreeBillboardDemo.h">
      <Filter>00. Game\Demo</Filter>
    </ClInclude>
    <ClInclude Include="Utils.h">
      <Filter>98. Utils</Filter>
    </ClInclude>
    <ClInclude Include="RenderStates.h">
      <Filter>98. Utils</Filter>
    </ClInclude>
    <ClInclude Include="13. VecAddDemo.h">
      <Filter>00. Game\Demo</Filter>
    </ClInclude>
    <ClInclude Include="14. BlurDemo.h">
      <Filter>00. Game\Demo</Filter>
    </ClInclude>
    <ClInclude Include="BlurFilter.h">
      <Filter>98. Utils</Filter>
    </ClInclude>
    <ClInclude Include="15. BasicTessellation.h">
      <Filter>00. Game\Demo</Filter>
    </ClInclude>
    <ClInclude Include="16. BasicTriangleTessellation.h">
      <Filter>00. Game\Demo</Filter>
    </ClInclude>
    <ClInclude Include="17. BezierTessellation.h">
      <Filter>00. Game\Demo</Filter>
    </ClInclude>
    <ClInclude Include="18. CameraDemo.h">
      <Filter>00. Game\Demo</Filter>
    </ClInclude>
    <ClInclude Include="19. InstancingAndCullingDemo.h">
      <Filter>00. Game\Demo</Filter>
    </ClInclude>
    <ClInclude Include="Camera.h">
      <Filter>01. Common</Filter>
    </ClInclude>
    <ClInclude Include="20. PickingDemo.h">
      <Filter>00. Game\Demo</Filter>
    </ClInclude>
    <ClInclude Include="21. CubeMapDemo.h">
      <Filter>00. Game\Demo</Filter>
    </ClInclude>
    <ClInclude Include="22. DynamicCubeMapDemo.h">
      <Filter>00. Game\Demo</Filter>
    </ClInclude>
    <ClInclude Include="23. NormalDisplacementMapDemo.h">
      <Filter>00. Game\Demo</Filter>
    </ClInclude>
    <ClInclude Include="24. TerrainDemo.h">
      <Filter>00. Game\Demo</Filter>
    </ClInclude>
    <ClInclude Include="Terrain.h">
      <Filter>01. Common</Filter>
    </ClInclude>
    <ClInclude Include="Sky.h">
      <Filter>01. Common</Filter>
    </ClInclude>
    <ClInclude Include="25. ParticlesDemo.h">
      <Filter>00. Game\Demo</Filter>
    </ClInclude>
    <ClInclude Include="ParticleSystem.h">
      <Filter>01. Common</Filter>
    </ClInclude>
    <ClInclude Include="26. ShadowsDemo.h">
      <Filter>00. Game\Demo</Filter>
    </ClInclude>
    <ClInclude Include="ShadowMap.h">
      <Filter>01. Common</Filter>
    </ClInclude>
    <ClInclude Include="27. AmbientOcclusionDemo.h">
      <Filter>00. Game\Demo</Filter>
    </ClInclude>
    <ClInclude Include="Octree.h">
      <Filter>01. Common</Filter>
    </ClInclude>
    <ClInclude Include="28. SsaoDemo.h">
      <Filter>00. Game\Demo</Filter>
    </ClInclude>
    <ClInclude Include="Ssao.h">
      <Filter>01. Common</Filter>
    </ClInclude>
    <ClInclude Include="29. MeshViewDemo.h">
      <Filter>00. Game\Demo</Filter>
    </ClInclude>
    <ClInclude Include="BasicModel.h">
      <Filter>97. Model</Filter>
    </ClInclude>
    <ClInclude Include="LoadM3d.h">
      <Filter>97. Model</Filter>
    </ClInclude>
    <ClInclude Include="MeshGeometry.h">
      <Filter>97. Model</Filter>
    </ClInclude>
    <ClInclude Include="TextureMgr.h">
      <Filter>97. Model</Filter>
    </ClInclude>
    <ClInclude Include="30. QuatDemo.h">
      <Filter>00. Game\Demo</Filter>
    </ClInclude>
    <ClInclude Include="AnimationHelper.h">
      <Filter>98. Utils</Filter>
    </ClInclude>
    <ClInclude Include="31. SkinnedMeshDemo.h">
      <Filter>00. Game\Demo</Filter>
    </ClInclude>
    <ClInclude Include="SkinnedModel.h">
      <Filter>97. Model</Filter>
    </ClInclude>
    <ClInclude Include="SkinnedData.h">
      <Filter>97. Model</Filter>
    </ClInclude>
  </ItemGroup>
  <ItemGroup>
    <None Include="SimpleMath.inl">
      <Filter>99. Headers</Filter>
    </None>
  </ItemGroup>
  <ItemGroup>
    <FxCompile Include="..\Shaders\02. Color.fx">
      <Filter>00. Game\Shaders</Filter>
    </FxCompile>
    <FxCompile Include="..\Shaders\07. LightHelper.fx">
      <Filter>00. Game\Shaders</Filter>
    </FxCompile>
    <FxCompile Include="..\Shaders\07. Lighting.fx">
      <Filter>00. Game\Shaders</Filter>
    </FxCompile>
    <FxCompile Include="..\Shaders\08. Basic.fx">
      <Filter>00. Game\Shaders</Filter>
    </FxCompile>
    <FxCompile Include="..\Shaders\10. Basic.fx">
      <Filter>00. Game\Shaders</Filter>
    </FxCompile>
    <FxCompile Include="..\Shaders\12. TreeSprite.fx">
      <Filter>00. Game\Shaders</Filter>
    </FxCompile>
    <FxCompile Include="..\Shaders\13. VecAdd.fx">
      <Filter>00. Game\Shaders</Filter>
    </FxCompile>
    <FxCompile Include="..\Shaders\14. Blur.fx">
      <Filter>00. Game\Shaders</Filter>
    </FxCompile>
    <FxCompile Include="..\Shaders\15. Tessellation.fx">
      <Filter>00. Game\Shaders</Filter>
    </FxCompile>
    <FxCompile Include="..\Shaders\16. TriTessellation.fx">
      <Filter>00. Game\Shaders</Filter>
    </FxCompile>
    <FxCompile Include="..\Shaders\17. BezierTessellation.fx">
      <Filter>00. Game\Shaders</Filter>
    </FxCompile>
    <FxCompile Include="..\Shaders\19. InstancedBasic.fx">
      <Filter>00. Game\Shaders</Filter>
    </FxCompile>
    <FxCompile Include="..\Shaders\21. Sky.fx">
      <Filter>00. Game\Shaders</Filter>
    </FxCompile>
    <FxCompile Include="..\Shaders\22. Basic.fx">
      <Filter>00. Game\Shaders</Filter>
    </FxCompile>
    <FxCompile Include="..\Shaders\23. DisplacementMap.fx">
      <Filter>00. Game\Shaders</Filter>
    </FxCompile>
    <FxCompile Include="..\Shaders\23. NormalMap.fx">
      <Filter>00. Game\Shaders</Filter>
    </FxCompile>
    <FxCompile Include="..\Shaders\24. Terrain.fx">
      <Filter>00. Game\Shaders</Filter>
    </FxCompile>
    <FxCompile Include="..\Shaders\25. Fire.fx">
      <Filter>00. Game\Shaders</Filter>
    </FxCompile>
    <FxCompile Include="..\Shaders\25. Rain.fx">
      <Filter>00. Game\Shaders</Filter>
    </FxCompile>
    <FxCompile Include="..\Shaders\26. DebugTexture.fx">
      <Filter>00. Game\Shaders</Filter>
    </FxCompile>
    <FxCompile Include="..\Shaders\26. BuildShadowMap.fx">
      <Filter>00. Game\Shaders</Filter>
    </FxCompile>
    <FxCompile Include="..\Shaders\26. Basic.fx">
      <Filter>00. Game\Shaders</Filter>
    </FxCompile>
    <FxCompile Include="..\Shaders\27. AmbientOcclusion.fx">
      <Filter>00. Game\Shaders</Filter>
    </FxCompile>
    <FxCompile Include="..\Shaders\28. Ssao.fx">
      <Filter>00. Game\Shaders</Filter>
    </FxCompile>
    <FxCompile Include="..\Shaders\28. SsaoBlur.fx">
      <Filter>00. Game\Shaders</Filter>
    </FxCompile>
    <FxCompile Include="..\Shaders\28. SsaoNormalDepth.fx">
      <Filter>00. Game\Shaders</Filter>
    </FxCompile>
    <FxCompile Include="..\Shaders\28. Basic.fx">
      <Filter>00. Game\Shaders</Filter>
    </FxCompile>
    <FxCompile Include="..\Shaders\31. NormalMapSkinned.fx">
      <Filter>00. Game\Shaders</Filter>
    </FxCompile>
  </ItemGroup>
</Project>